
Microsoft Visual Studio Solution File, Format Version 12.00
# Visual Studio 15
VisualStudioVersion = 15.0.28307.539
MinimumVisualStudioVersion = 10.0.40219.1
Project("{FAE04EC0-301F-11D3-BF4B-00C04F79EFBC}") = "TextEditorWPF", "TextEditorWPF\TextEditorWPF.csproj", "{B4D97EEC-2235-4118-B3F6-21100E23555C}"
EndProject
Project("{FAE04EC0-301F-11D3-BF4B-00C04F79EFBC}") = "TextEditorWPF.BL", "TextEditorWPF.BL\TextEditorWPF.BL.csproj", "{C223166A-D268-4201-A2E4-044DADFC167E}"
EndProject
Global
	GlobalSection(SolutionConfigurationPlatforms) = preSolution
		Debug|Any CPU = Debug|Any CPU
		Release|Any CPU = Release|Any CPU
	EndGlobalSection
	GlobalSection(ProjectConfigurationPlatforms) = postSolution
		{B4D97EEC-2235-4118-B3F6-21100E23555C}.Debug|Any CPU.ActiveCfg = Debug|Any CPU
		{B4D97EEC-2235-4118-B3F6-21100E23555C}.Debug|Any CPU.Build.0 = Debug|Any CPU
		{B4D97EEC-2235-4118-B3F6-21100E23555C}.Release|Any CPU.ActiveCfg = Release|Any CPU
		{B4D97EEC-2235-4118-B3F6-21100E23555C}.Release|Any CPU.Build.0 = Release|Any CPU
		{C223166A-D268-4201-A2E4-044DADFC167E}.Debug|Any CPU.ActiveCfg = Debug|Any CPU
		{C223166A-D268-4201-A2E4-044DADFC167E}.Debug|Any CPU.Build.0 = Debug|Any CPU
		{C223166A-D268-4201-A2E4-044DADFC167E}.Release|Any CPU.ActiveCfg = Release|Any CPU
		{C223166A-D268-4201-A2E4-044DADFC167E}.Release|Any CPU.Build.0 = Release|Any CPU
	EndGlobalSection
	GlobalSection(SolutionProperties) = preSolution
		HideSolutionNode = FALSE
	EndGlobalSection
	GlobalSection(ExtensibilityGlobals) = postSolution
		SolutionGuid = {521509B4-6508-41DB-BD0C-D910AE49437E}
	EndGlobalSection
EndGlobal
